// !$*UTF8*$!
{
	archiveVersion = 1;
	classes = {
	};
	objectVersion = 56;
	objects = {

/* Begin PBXBuildFile section */
		4706430F288E46E7001BA721 /* UI_621App.swift in Sources */ = {isa = PBXBuildFile; fileRef = 4706430E288E46E7001BA721 /* UI_621App.swift */; };
		47064311288E46E7001BA721 /* ContentView.swift in Sources */ = {isa = PBXBuildFile; fileRef = 47064310288E46E7001BA721 /* ContentView.swift */; };
		47064313288E46E8001BA721 /* Assets.xcassets in Resources */ = {isa = PBXBuildFile; fileRef = 47064312288E46E8001BA721 /* Assets.xcassets */; };
		47064316288E46E8001BA721 /* Preview Assets.xcassets in Resources */ = {isa = PBXBuildFile; fileRef = 47064315288E46E8001BA721 /* Preview Assets.xcassets */; };
		47064320288E46E8001BA721 /* UI_621Tests.swift in Sources */ = {isa = PBXBuildFile; fileRef = 4706431F288E46E8001BA721 /* UI_621Tests.swift */; };
		4706432A288E46E8001BA721 /* UI_621UITests.swift in Sources */ = {isa = PBXBuildFile; fileRef = 47064329288E46E8001BA721 /* UI_621UITests.swift */; };
		4706432C288E46E8001BA721 /* UI_621UITestsLaunchTests.swift in Sources */ = {isa = PBXBuildFile; fileRef = 4706432B288E46E8001BA721 /* UI_621UITestsLaunchTests.swift */; };
		4706433A288E4706001BA721 /* Lottie in Frameworks */ = {isa = PBXBuildFile; productRef = 47064339288E4706001BA721 /* Lottie */; };
		4706433C288E4713001BA721 /* Party.json in Resources */ = {isa = PBXBuildFile; fileRef = 4706433B288E4713001BA721 /* Party.json */; };
		4706433F288E471E001BA721 /* Home.swift in Sources */ = {isa = PBXBuildFile; fileRef = 4706433E288E471E001BA721 /* Home.swift */; };
		47064341288E473F001BA721 /* AnimatedLottieView.swift in Sources */ = {isa = PBXBuildFile; fileRef = 47064340288E473F001BA721 /* AnimatedLottieView.swift */; };
		47064343288E6F63001BA721 /* ScratchCardView.swift in Sources */ = {isa = PBXBuildFile; fileRef = 47064342288E6F63001BA721 /* ScratchCardView.swift */; };
/* End PBXBuildFile section */

/* Begin PBXContainerItemProxy section */
		4706431C288E46E8001BA721 /* PBXContainerItemProxy */ = {
			isa = PBXContainerItemProxy;
			containerPortal = 47064303288E46E7001BA721 /* Project object */;
			proxyType = 1;
			remoteGlobalIDString = 4706430A288E46E7001BA721;
			remoteInfo = "UI-621";
		};
		47064326288E46E8001BA721 /* PBXContainerItemProxy */ = {
			isa = PBXContainerItemProxy;
			containerPortal = 47064303288E46E7001BA721 /* Project object */;
			proxyType = 1;
			remoteGlobalIDString = 4706430A288E46E7001BA721;
			remoteInfo = "UI-621";
		};
/* End PBXContainerItemProxy section */

/* Begin PBXFileReference section */
		4706430B288E46E7001BA721 /* UI-621.app */ = {isa = PBXFileReference; explicitFileType = wrapper.application; includeInIndex = 0; path = "UI-621.app"; sourceTree = BUILT_PRODUCTS_DIR; };
		4706430E288E46E7001BA721 /* UI_621App.swift */ = {isa = PBXFileReference; lastKnownFileType = sourcecode.swift; path = UI_621App.swift; sourceTree = "<group>"; };
		47064310288E46E7001BA721 /* ContentView.swift */ = {isa = PBXFileReference; lastKnownFileType = sourcecode.swift; path = ContentView.swift; sourceTree = "<group>"; };
		47064312288E46E8001BA721 /* Assets.xcassets */ = {isa = PBXFileReference; lastKnownFileType = folder.assetcatalog; path = Assets.xcassets; sourceTree = "<group>"; };
		47064315288E46E8001BA721 /* Preview Assets.xcassets */ = {isa = PBXFileReference; lastKnownFileType = folder.assetcatalog; path = "Preview Assets.xcassets"; sourceTree = "<group>"; };
		4706431B288E46E8001BA721 /* UI-621Tests.xctest */ = {isa = PBXFileReference; explicitFileType = wrapper.cfbundle; includeInIndex = 0; path = "UI-621Tests.xctest"; sourceTree = BUILT_PRODUCTS_DIR; };
		4706431F288E46E8001BA721 /* UI_621Tests.swift */ = {isa = PBXFileReference; lastKnownFileType = sourcecode.swift; path = UI_621Tests.swift; sourceTree = "<group>"; };
		47064325288E46E8001BA721 /* UI-621UITests.xctest */ = {isa = PBXFileReference; explicitFileType = wrapper.cfbundle; includeInIndex = 0; path = "UI-621UITests.xctest"; sourceTree = BUILT_PRODUCTS_DIR; };
		47064329288E46E8001BA721 /* UI_621UITests.swift */ = {isa = PBXFileReference; lastKnownFileType = sourcecode.swift; path = UI_621UITests.swift; sourceTree = "<group>"; };
		4706432B288E46E8001BA721 /* UI_621UITestsLaunchTests.swift */ = {isa = PBXFileReference; lastKnownFileType = sourcecode.swift; path = UI_621UITestsLaunchTests.swift; sourceTree = "<group>"; };
		4706433B288E4713001BA721 /* Party.json */ = {isa = PBXFileReference; fileEncoding = 4; lastKnownFileType = text.json; path = Party.json; sourceTree = "<group>"; };
		4706433E288E471E001BA721 /* Home.swift */ = {isa = PBXFileReference; lastKnownFileType = sourcecode.swift; path = Home.swift; sourceTree = "<group>"; };
		47064340288E473F001BA721 /* AnimatedLottieView.swift */ = {isa = PBXFileReference; lastKnownFileType = sourcecode.swift; path = AnimatedLottieView.swift; sourceTree = "<group>"; };
		47064342288E6F63001BA721 /* ScratchCardView.swift */ = {isa = PBXFileReference; lastKnownFileType = sourcecode.swift; path = ScratchCardView.swift; sourceTree = "<group>"; };
/* End PBXFileReference section */

/* Begin PBXFrameworksBuildPhase section */
		47064308288E46E7001BA721 /* Frameworks */ = {
			isa = PBXFrameworksBuildPhase;
			buildActionMask = 2147483647;
			files = (
				4706433A288E4706001BA721 /* Lottie in Frameworks */,
			);
			runOnlyForDeploymentPostprocessing = 0;
		};
		47064318288E46E8001BA721 /* Frameworks */ = {
			isa = PBXFrameworksBuildPhase;
			buildActionMask = 2147483647;
			files = (
			);
			runOnlyForDeploymentPostprocessing = 0;
		};
		47064322288E46E8001BA721 /* Frameworks */ = {
			isa = PBXFrameworksBuildPhase;
			buildActionMask = 2147483647;
			files = (
			);
			runOnlyForDeploymentPostprocessing = 0;
		};
/* End PBXFrameworksBuildPhase section */

/* Begin PBXGroup section */
		47064302288E46E7001BA721 = {
			isa = PBXGroup;
			children = (
				4706433B288E4713001BA721 /* Party.json */,
				4706430D288E46E7001BA721 /* UI-621 */,
				4706431E288E46E8001BA721 /* UI-621Tests */,
				47064328288E46E8001BA721 /* UI-621UITests */,
				4706430C288E46E7001BA721 /* Products */,
			);
			sourceTree = "<group>";
		};
		4706430C288E46E7001BA721 /* Products */ = {
			isa = PBXGroup;
			children = (
				4706430B288E46E7001BA721 /* UI-621.app */,
				4706431B288E46E8001BA721 /* UI-621Tests.xctest */,
				47064325288E46E8001BA721 /* UI-621UITests.xctest */,
			);
			name = Products;
			sourceTree = "<group>";
		};
		4706430D288E46E7001BA721 /* UI-621 */ = {
			isa = PBXGroup;
			children = (
				4706433D288E4719001BA721 /* View */,
				4706430E288E46E7001BA721 /* UI_621App.swift */,
				47064310288E46E7001BA721 /* ContentView.swift */,
				47064312288E46E8001BA721 /* Assets.xcassets */,
				47064314288E46E8001BA721 /* Preview Content */,
			);
			path = "UI-621";
			sourceTree = "<group>";
		};
		47064314288E46E8001BA721 /* Preview Content */ = {
			isa = PBXGroup;
			children = (
				47064315288E46E8001BA721 /* Preview Assets.xcassets */,
			);
			path = "Preview Content";
			sourceTree = "<group>";
		};
		4706431E288E46E8001BA721 /* UI-621Tests */ = {
			isa = PBXGroup;
			children = (
				4706431F288E46E8001BA721 /* UI_621Tests.swift */,
			);
			path = "UI-621Tests";
			sourceTree = "<group>";
		};
		47064328288E46E8001BA721 /* UI-621UITests */ = {
			isa = PBXGroup;
			children = (
				47064329288E46E8001BA721 /* UI_621UITests.swift */,
				4706432B288E46E8001BA721 /* UI_621UITestsLaunchTests.swift */,
			);
			path = "UI-621UITests";
			sourceTree = "<group>";
		};
		4706433D288E4719001BA721 /* View */ = {
			isa = PBXGroup;
			children = (
				4706433E288E471E001BA721 /* Home.swift */,
				47064340288E473F001BA721 /* AnimatedLottieView.swift */,
				47064342288E6F63001BA721 /* ScratchCardView.swift */,
			);
			path = View;
			sourceTree = "<group>";
		};
/* End PBXGroup section */

/* Begin PBXNativeTarget section */
		4706430A288E46E7001BA721 /* UI-621 */ = {
			isa = PBXNativeTarget;
			buildConfigurationList = 4706432F288E46E8001BA721 /* Build configuration list for PBXNativeTarget "UI-621" */;
			buildPhases = (
				47064307288E46E7001BA721 /* Sources */,
				47064308288E46E7001BA721 /* Frameworks */,
				47064309288E46E7001BA721 /* Resources */,
			);
			buildRules = (
			);
			dependencies = (
			);
			name = "UI-621";
			packageProductDependencies = (
				47064339288E4706001BA721 /* Lottie */,
			);
			productName = "UI-621";
			productReference = 4706430B288E46E7001BA721 /* UI-621.app */;
			productType = "com.apple.product-type.application";
		};
		4706431A288E46E8001BA721 /* UI-621Tests */ = {
			isa = PBXNativeTarget;
			buildConfigurationList = 47064332288E46E8001BA721 /* Build configuration list for PBXNativeTarget "UI-621Tests" */;
			buildPhases = (
				47064317288E46E8001BA721 /* Sources */,
				47064318288E46E8001BA721 /* Frameworks */,
				47064319288E46E8001BA721 /* Resources */,
			);
			buildRules = (
			);
			dependencies = (
				4706431D288E46E8001BA721 /* PBXTargetDependency */,
			);
			name = "UI-621Tests";
			productName = "UI-621Tests";
			productReference = 4706431B288E46E8001BA721 /* UI-621Tests.xctest */;
			productType = "com.apple.product-type.bundle.unit-test";
		};
		47064324288E46E8001BA721 /* UI-621UITests */ = {
			isa = PBXNativeTarget;
			buildConfigurationList = 47064335288E46E8001BA721 /* Build configuration list for PBXNativeTarget "UI-621UITests" */;
			buildPhases = (
				47064321288E46E8001BA721 /* Sources */,
				47064322288E46E8001BA721 /* Frameworks */,
				47064323288E46E8001BA721 /* Resources */,
			);
			buildRules = (
			);
			dependencies = (
				47064327288E46E8001BA721 /* PBXTargetDependency */,
			);
			name = "UI-621UITests";
			productName = "UI-621UITests";
			productReference = 47064325288E46E8001BA721 /* UI-621UITests.xctest */;
			productType = "com.apple.product-type.bundle.ui-testing";
		};
/* End PBXNativeTarget section */

/* Begin PBXProject section */
		47064303288E46E7001BA721 /* Project object */ = {
			isa = PBXProject;
			attributes = {
				BuildIndependentTargetsInParallel = 1;
				LastSwiftUpdateCheck = 1400;
				LastUpgradeCheck = 1400;
				TargetAttributes = {
					4706430A288E46E7001BA721 = {
						CreatedOnToolsVersion = 14.0;
					};
					4706431A288E46E8001BA721 = {
						CreatedOnToolsVersion = 14.0;
						TestTargetID = 4706430A288E46E7001BA721;
					};
					47064324288E46E8001BA721 = {
						CreatedOnToolsVersion = 14.0;
						TestTargetID = 4706430A288E46E7001BA721;
					};
				};
			};
			buildConfigurationList = 47064306288E46E7001BA721 /* Build configuration list for PBXProject "UI-621" */;
			compatibilityVersion = "Xcode 14.0";
			developmentRegion = en;
			hasScannedForEncodings = 0;
			knownRegions = (
				en,
				Base,
			);
			mainGroup = 47064302288E46E7001BA721;
			packageReferences = (
				47064338288E4706001BA721 /* XCRemoteSwiftPackageReference "lottie-ios" */,
			);
			productRefGroup = 4706430C288E46E7001BA721 /* Products */;
			projectDirPath = "";
			projectRoot = "";
			targets = (
				4706430A288E46E7001BA721 /* UI-621 */,
				4706431A288E46E8001BA721 /* UI-621Tests */,
				47064324288E46E8001BA721 /* UI-621UITests */,
			);
		};
/* End PBXProject section */

/* Begin PBXResourcesBuildPhase section */
		47064309288E46E7001BA721 /* Resources */ = {
			isa = PBXResourcesBuildPhase;
			buildActionMask = 2147483647;
			files = (
				47064316288E46E8001BA721 /* Preview Assets.xcassets in Resources */,
				47064313288E46E8001BA721 /* Assets.xcassets in Resources */,
				4706433C288E4713001BA721 /* Party.json in Resources */,
			);
			runOnlyForDeploymentPostprocessing = 0;
		};
		47064319288E46E8001BA721 /* Resources */ = {
			isa = PBXResourcesBuildPhase;
			buildActionMask = 2147483647;
			files = (
			);
			runOnlyForDeploymentPostprocessing = 0;
		};
		47064323288E46E8001BA721 /* Resources */ = {
			isa = PBXResourcesBuildPhase;
			buildActionMask = 2147483647;
			files = (
			);
			runOnlyForDeploymentPostprocessing = 0;
		};
/* End PBXResourcesBuildPhase section */

/* Begin PBXSourcesBuildPhase section */
		47064307288E46E7001BA721 /* Sources */ = {
			isa = PBXSourcesBuildPhase;
			buildActionMask = 2147483647;
			files = (
				47064311288E46E7001BA721 /* ContentView.swift in Sources */,
				4706433F288E471E001BA721 /* Home.swift in Sources */,
				47064341288E473F001BA721 /* AnimatedLottieView.swift in Sources */,
				47064343288E6F63001BA721 /* ScratchCardView.swift in Sources */,
				4706430F288E46E7001BA721 /* UI_621App.swift in Sources */,
			);
			runOnlyForDeploymentPostprocessing = 0;
		};
		47064317288E46E8001BA721 /* Sources */ = {
			isa = PBXSourcesBuildPhase;
			buildActionMask = 2147483647;
			files = (
				47064320288E46E8001BA721 /* UI_621Tests.swift in Sources */,
			);
			runOnlyForDeploymentPostprocessing = 0;
		};
		47064321288E46E8001BA721 /* Sources */ = {
			isa = PBXSourcesBuildPhase;
			buildActionMask = 2147483647;
			files = (
				4706432C288E46E8001BA721 /* UI_621UITestsLaunchTests.swift in Sources */,
				4706432A288E46E8001BA721 /* UI_621UITests.swift in Sources */,
			);
			runOnlyForDeploymentPostprocessing = 0;
		};
/* End PBXSourcesBuildPhase section */

/* Begin PBXTargetDependency section */
		4706431D288E46E8001BA721 /* PBXTargetDependency */ = {
			isa = PBXTargetDependency;
			target = 4706430A288E46E7001BA721 /* UI-621 */;
			targetProxy = 4706431C288E46E8001BA721 /* PBXContainerItemProxy */;
		};
		47064327288E46E8001BA721 /* PBXTargetDependency */ = {
			isa = PBXTargetDependency;
			target = 4706430A288E46E7001BA721 /* UI-621 */;
			targetProxy = 47064326288E46E8001BA721 /* PBXContainerItemProxy */;
		};
/* End PBXTargetDependency section */

/* Begin XCBuildConfiguration section */
		4706432D288E46E8001BA721 /* Debug */ = {
			isa = XCBuildConfiguration;
			buildSettings = {
				ALWAYS_SEARCH_USER_PATHS = NO;
				CLANG_ANALYZER_NONNULL = YES;
				CLANG_ANALYZER_NUMBER_OBJECT_CONVERSION = YES_AGGRESSIVE;
				CLANG_CXX_LANGUAGE_STANDARD = "gnu++17";
				CLANG_ENABLE_MODULES = YES;
				CLANG_ENABLE_OBJC_ARC = YES;
				CLANG_ENABLE_OBJC_WEAK = YES;
				CLANG_WARN_BLOCK_CAPTURE_AUTORELEASING = YES;
				CLANG_WARN_BOOL_CONVERSION = YES;
				CLANG_WARN_COMMA = YES;
				CLANG_WARN_CONSTANT_CONVERSION = YES;
				CLANG_WARN_DEPRECATED_OBJC_IMPLEMENTATIONS = YES;
				CLANG_WARN_DIRECT_OBJC_ISA_USAGE = YES_ERROR;
				CLANG_WARN_DOCUMENTATION_COMMENTS = YES;
				CLANG_WARN_EMPTY_BODY = YES;
				CLANG_WARN_ENUM_CONVERSION = YES;
				CLANG_WARN_INFINITE_RECURSION = YES;
				CLANG_WARN_INT_CONVERSION = YES;
				CLANG_WARN_NON_LITERAL_NULL_CONVERSION = YES;
				CLANG_WARN_OBJC_IMPLICIT_RETAIN_SELF = YES;
				CLANG_WARN_OBJC_LITERAL_CONVERSION = YES;
				CLANG_WARN_OBJC_ROOT_CLASS = YES_ERROR;
				CLANG_WARN_QUOTED_INCLUDE_IN_FRAMEWORK_HEADER = YES;
				CLANG_WARN_RANGE_LOOP_ANALYSIS = YES;
				CLANG_WARN_STRICT_PROTOTYPES = YES;
				CLANG_WARN_SUSPICIOUS_MOVE = YES;
				CLANG_WARN_UNGUARDED_AVAILABILITY = YES_AGGRESSIVE;
				CLANG_WARN_UNREACHABLE_CODE = YES;
				CLANG_WARN__DUPLICATE_METHOD_MATCH = YES;
				COPY_PHASE_STRIP = NO;
				DEBUG_INFORMATION_FORMAT = dwarf;
				ENABLE_STRICT_OBJC_MSGSEND = YES;
				ENABLE_TESTABILITY = YES;
				GCC_C_LANGUAGE_STANDARD = gnu11;
				GCC_DYNAMIC_NO_PIC = NO;
				GCC_NO_COMMON_BLOCKS = YES;
				GCC_OPTIMIZATION_LEVEL = 0;
				GCC_PREPROCESSOR_DEFINITIONS = (
					"DEBUG=1",
					"$(inherited)",
				);
				GCC_WARN_64_TO_32_BIT_CONVERSION = YES;
				GCC_WARN_ABOUT_RETURN_TYPE = YES_ERROR;
				GCC_WARN_UNDECLARED_SELECTOR = YES;
				GCC_WARN_UNINITIALIZED_AUTOS = YES_AGGRESSIVE;
				GCC_WARN_UNUSED_FUNCTION = YES;
				GCC_WARN_UNUSED_VARIABLE = YES;
				IPHONEOS_DEPLOYMENT_TARGET = 16.0;
				MTL_ENABLE_DEBUG_INFO = INCLUDE_SOURCE;
				MTL_FAST_MATH = YES;
				ONLY_ACTIVE_ARCH = YES;
				SDKROOT = iphoneos;
				SWIFT_ACTIVE_COMPILATION_CONDITIONS = DEBUG;
				SWIFT_OPTIMIZATION_LEVEL = "-Onone";
			};
			name = Debug;
		};
		4706432E288E46E8001BA721 /* Release */ = {
			isa = XCBuildConfiguration;
			buildSettings = {
				ALWAYS_SEARCH_USER_PATHS = NO;
				CLANG_ANALYZER_NONNULL = YES;
				CLANG_ANALYZER_NUMBER_OBJECT_CONVERSION = YES_AGGRESSIVE;
				CLANG_CXX_LANGUAGE_STANDARD = "gnu++17";
				CLANG_ENABLE_MODULES = YES;
				CLANG_ENABLE_OBJC_ARC = YES;
				CLANG_ENABLE_OBJC_WEAK = YES;
				CLANG_WARN_BLOCK_CAPTURE_AUTORELEASING = YES;
				CLANG_WARN_BOOL_CONVERSION = YES;
				CLANG_WARN_COMMA = YES;
				CLANG_WARN_CONSTANT_CONVERSION = YES;
				CLANG_WARN_DEPRECATED_OBJC_IMPLEMENTATIONS = YES;
				CLANG_WARN_DIRECT_OBJC_ISA_USAGE = YES_ERROR;
				CLANG_WARN_DOCUMENTATION_COMMENTS = YES;
				CLANG_WARN_EMPTY_BODY = YES;
				CLANG_WARN_ENUM_CONVERSION = YES;
				CLANG_WARN_INFINITE_RECURSION = YES;
				CLANG_WARN_INT_CONVERSION = YES;
				CLANG_WARN_NON_LITERAL_NULL_CONVERSION = YES;
				CLANG_WARN_OBJC_IMPLICIT_RETAIN_SELF = YES;
				CLANG_WARN_OBJC_LITERAL_CONVERSION = YES;
				CLANG_WARN_OBJC_ROOT_CLASS = YES_ERROR;
				CLANG_WARN_QUOTED_INCLUDE_IN_FRAMEWORK_HEADER = YES;
				CLANG_WARN_RANGE_LOOP_ANALYSIS = YES;
				CLANG_WARN_STRICT_PROTOTYPES = YES;
				CLANG_WARN_SUSPICIOUS_MOVE = YES;
				CLANG_WARN_UNGUARDED_AVAILABILITY = YES_AGGRESSIVE;
				CLANG_WARN_UNREACHABLE_CODE = YES;
				CLANG_WARN__DUPLICATE_METHOD_MATCH = YES;
				COPY_PHASE_STRIP = NO;
				DEBUG_INFORMATION_FORMAT = "dwarf-with-dsym";
				ENABLE_NS_ASSERTIONS = NO;
				ENABLE_STRICT_OBJC_MSGSEND = YES;
				GCC_C_LANGUAGE_STANDARD = gnu11;
				GCC_NO_COMMON_BLOCKS = YES;
				GCC_WARN_64_TO_32_BIT_CONVERSION = YES;
				GCC_WARN_ABOUT_RETURN_TYPE = YES_ERROR;
				GCC_WARN_UNDECLARED_SELECTOR = YES;
				GCC_WARN_UNINITIALIZED_AUTOS = YES_AGGRESSIVE;
				GCC_WARN_UNUSED_FUNCTION = YES;
				GCC_WARN_UNUSED_VARIABLE = YES;
				IPHONEOS_DEPLOYMENT_TARGET = 16.0;
				MTL_ENABLE_DEBUG_INFO = NO;
				MTL_FAST_MATH = YES;
				SDKROOT = iphoneos;
				SWIFT_COMPILATION_MODE = wholemodule;
				SWIFT_OPTIMIZATION_LEVEL = "-O";
				VALIDATE_PRODUCT = YES;
			};
			name = Release;
		};
		47064330288E46E8001BA721 /* Debug */ = {
			isa = XCBuildConfiguration;
			buildSettings = {
				ASSETCATALOG_COMPILER_APPICON_NAME = AppIcon;
				ASSETCATALOG_COMPILER_GLOBAL_ACCENT_COLOR_NAME = AccentColor;
				CODE_SIGN_STYLE = Automatic;
				CURRENT_PROJECT_VERSION = 1;
				DEVELOPMENT_ASSET_PATHS = "\"UI-621/Preview Content\"";
				DEVELOPMENT_TEAM = 8CL4U468K5;
				ENABLE_PREVIEWS = YES;
				GENERATE_INFOPLIST_FILE = YES;
				INFOPLIST_KEY_UIApplicationSceneManifest_Generation = YES;
				INFOPLIST_KEY_UIApplicationSupportsIndirectInputEvents = YES;
				INFOPLIST_KEY_UILaunchScreen_Generation = YES;
				INFOPLIST_KEY_UISupportedInterfaceOrientations_iPad = "UIInterfaceOrientationPortrait UIInterfaceOrientationPortraitUpsideDown UIInterfaceOrientationLandscapeLeft UIInterfaceOrientationLandscapeRight";
				INFOPLIST_KEY_UISupportedInterfaceOrientations_iPhone = "UIInterfaceOrientationPortrait UIInterfaceOrientationLandscapeLeft UIInterfaceOrientationLandscapeRight";
				LD_RUNPATH_SEARCH_PATHS = (
					"$(inherited)",
					"@executable_path/Frameworks",
				);
				MARKETING_VERSION = 1.0;
				PRODUCT_BUNDLE_IDENTIFIER = "com.585.UI-621";
				PRODUCT_NAME = "$(TARGET_NAME)";
				SWIFT_EMIT_LOC_STRINGS = YES;
				SWIFT_VERSION = 5.0;
				TARGETED_DEVICE_FAMILY = "1,2";
			};
			name = Debug;
		};
		47064331288E46E8001BA721 /* Release */ = {
			isa = XCBuildConfiguration;
			buildSettings = {
				ASSETCATALOG_COMPILER_APPICON_NAME = AppIcon;
				ASSETCATALOG_COMPILER_GLOBAL_ACCENT_COLOR_NAME = AccentColor;
				CODE_SIGN_STYLE = Automatic;
				CURRENT_PROJECT_VERSION = 1;
				DEVELOPMENT_ASSET_PATHS = "\"UI-621/Preview Content\"";
				DEVELOPMENT_TEAM = 8CL4U468K5;
				ENABLE_PREVIEWS = YES;
				GENERATE_INFOPLIST_FILE = YES;
				INFOPLIST_KEY_UIApplicationSceneManifest_Generation = YES;
				INFOPLIST_KEY_UIApplicationSupportsIndirectInputEvents = YES;
				INFOPLIST_KEY_UILaunchScreen_Generation = YES;
				INFOPLIST_KEY_UISupportedInterfaceOrientations_iPad = "UIInterfaceOrientationPortrait UIInterfaceOrientationPortraitUpsideDown UIInterfaceOrientationLandscapeLeft UIInterfaceOrientationLandscapeRight";
				INFOPLIST_KEY_UISupportedInterfaceOrientations_iPhone = "UIInterfaceOrientationPortrait UIInterfaceOrientationLandscapeLeft UIInterfaceOrientationLandscapeRight";
				LD_RUNPATH_SEARCH_PATHS = (
					"$(inherited)",
					"@executable_path/Frameworks",
				);
				MARKETING_VERSION = 1.0;
				PRODUCT_BUNDLE_IDENTIFIER = "com.585.UI-621";
				PRODUCT_NAME = "$(TARGET_NAME)";
				SWIFT_EMIT_LOC_STRINGS = YES;
				SWIFT_VERSION = 5.0;
				TARGETED_DEVICE_FAMILY = "1,2";
			};
			name = Release;
		};
		47064333288E46E8001BA721 /* Debug */ = {
			isa = XCBuildConfiguration;
			buildSettings = {
				ALWAYS_EMBED_SWIFT_STANDARD_LIBRARIES = YES;
				BUNDLE_LOADER = "$(TEST_HOST)";
				CODE_SIGN_STYLE = Automatic;
				CURRENT_PROJECT_VERSION = 1;
				DEVELOPMENT_TEAM = 8CL4U468K5;
				GENERATE_INFOPLIST_FILE = YES;
				IPHONEOS_DEPLOYMENT_TARGET = 16.0;
				MARKETING_VERSION = 1.0;
				PRODUCT_BUNDLE_IDENTIFIER = "com.585.UI-621Tests";
				PRODUCT_NAME = "$(TARGET_NAME)";
				SWIFT_EMIT_LOC_STRINGS = NO;
				SWIFT_VERSION = 5.0;
				TARGETED_DEVICE_FAMILY = "1,2";
				TEST_HOST = "$(BUILT_PRODUCTS_DIR)/UI-621.app/$(BUNDLE_EXECUTABLE_FOLDER_PATH)/UI-621";
			};
			name = Debug;
		};
		47064334288E46E8001BA721 /* Release */ = {
			isa = XCBuildConfiguration;
			buildSettings = {
				ALWAYS_EMBED_SWIFT_STANDARD_LIBRARIES = YES;
				BUNDLE_LOADER = "$(TEST_HOST)";
				CODE_SIGN_STYLE = Automatic;
				CURRENT_PROJECT_VERSION = 1;
				DEVELOPMENT_TEAM = 8CL4U468K5;
				GENERATE_INFOPLIST_FILE = YES;
				IPHONEOS_DEPLOYMENT_TARGET = 16.0;
				MARKETING_VERSION = 1.0;
				PRODUCT_BUNDLE_IDENTIFIER = "com.585.UI-621Tests";
				PRODUCT_NAME = "$(TARGET_NAME)";
				SWIFT_EMIT_LOC_STRINGS = NO;
				SWIFT_VERSION = 5.0;
				TARGETED_DEVICE_FAMILY = "1,2";
				TEST_HOST = "$(BUILT_PRODUCTS_DIR)/UI-621.app/$(BUNDLE_EXECUTABLE_FOLDER_PATH)/UI-621";
			};
			name = Release;
		};
		47064336288E46E8001BA721 /* Debug */ = {
			isa = XCBuildConfiguration;
			buildSettings = {
				ALWAYS_EMBED_SWIFT_STANDARD_LIBRARIES = YES;
				CODE_SIGN_STYLE = Automatic;
				CURRENT_PROJECT_VERSION = 1;
				DEVELOPMENT_TEAM = 8CL4U468K5;
				GENERATE_INFOPLIST_FILE = YES;
				MARKETING_VERSION = 1.0;
				PRODUCT_BUNDLE_IDENTIFIER = "com.585.UI-621UITests";
				PRODUCT_NAME = "$(TARGET_NAME)";
				SWIFT_EMIT_LOC_STRINGS = NO;
				SWIFT_VERSION = 5.0;
				TARGETED_DEVICE_FAMILY = "1,2";
				TEST_TARGET_NAME = "UI-621";
			};
			name = Debug;
		};
		47064337288E46E8001BA721 /* Release */ = {
			isa = XCBuildConfiguration;
			buildSettings = {
				ALWAYS_EMBED_SWIFT_STANDARD_LIBRARIES = YES;
				CODE_SIGN_STYLE = Automatic;
				CURRENT_PROJECT_VERSION = 1;
				DEVELOPMENT_TEAM = 8CL4U468K5;
				GENERATE_INFOPLIST_FILE = YES;
				MARKETING_VERSION = 1.0;
				PRODUCT_BUNDLE_IDENTIFIER = "com.585.UI-621UITests";
				PRODUCT_NAME = "$(TARGET_NAME)";
				SWIFT_EMIT_LOC_STRINGS = NO;
				SWIFT_VERSION = 5.0;
				TARGETED_DEVICE_FAMILY = "1,2";
				TEST_TARGET_NAME = "UI-621";
			};
			name = Release;
		};
/* End XCBuildConfiguration section */

/* Begin XCConfigurationList section */
		47064306288E46E7001BA721 /* Build configuration list for PBXProject "UI-621" */ = {
			isa = XCConfigurationList;
			buildConfigurations = (
				4706432D288E46E8001BA721 /* Debug */,
				4706432E288E46E8001BA721 /* Release */,
			);
			defaultConfigurationIsVisible = 0;
			defaultConfigurationName = Release;
		};
		4706432F288E46E8001BA721 /* Build configuration list for PBXNativeTarget "UI-621" */ = {
			isa = XCConfigurationList;
			buildConfigurations = (
				47064330288E46E8001BA721 /* Debug */,
				47064331288E46E8001BA721 /* Release */,
			);
			defaultConfigurationIsVisible = 0;
			defaultConfigurationName = Release;
		};
		47064332288E46E8001BA721 /* Build configuration list for PBXNativeTarget "UI-621Tests" */ = {
			isa = XCConfigurationList;
			buildConfigurations = (
				47064333288E46E8001BA721 /* Debug */,
				47064334288E46E8001BA721 /* Release */,
			);
			defaultConfigurationIsVisible = 0;
			defaultConfigurationName = Release;
		};
		47064335288E46E8001BA721 /* Build configuration list for PBXNativeTarget "UI-621UITests" */ = {
			isa = XCConfigurationList;
			buildConfigurations = (
				47064336288E46E8001BA721 /* Debug */,
				47064337288E46E8001BA721 /* Release */,
			);
			defaultConfigurationIsVisible = 0;
			defaultConfigurationName = Release;
		};
/* End XCConfigurationList section */

/* Begin XCRemoteSwiftPackageReference section */
		47064338288E4706001BA721 /* XCRemoteSwiftPackageReference "lottie-ios" */ = {
			isa = XCRemoteSwiftPackageReference;
			repositoryURL = "https://github.com/airbnb/lottie-ios.git";
			requirement = {
				branch = master;
				kind = branch;
			};
		};
/* End XCRemoteSwiftPackageReference section */

/* Begin XCSwiftPackageProductDependency section */
		47064339288E4706001BA721 /* Lottie */ = {
			isa = XCSwiftPackageProductDependency;
			package = 47064338288E4706001BA721 /* XCRemoteSwiftPackageReference "lottie-ios" */;
			productName = Lottie;
		};
/* End XCSwiftPackageProductDependency section */
	};
	rootObject = 47064303288E46E7001BA721 /* Project object */;
}
